
Microsoft Visual Studio Solution File, Format Version 12.00
# Visual Studio 15
VisualStudioVersion = 15.0.26730.12
MinimumVisualStudioVersion = 10.0.40219.1
Project("{FAE04EC0-301F-11D3-BF4B-00C04F79EFBC}") = "COMTask", "COMTask\COMTask.csproj", "{D8FF73D8-57A2-42E4-98C3-76C129BBB8F0}"
EndProject
Project("{FAE04EC0-301F-11D3-BF4B-00C04F79EFBC}") = "ITaskHandler COM Server Project Template", "ITaskHandler COM Server Project Template\ITaskHandler COM Server Project Template.csproj", "{601FB415-6066-47F7-9549-938AC0C40396}"
EndProject
Global
	GlobalSection(SolutionConfigurationPlatforms) = preSolution
		Debug|Any CPU = Debug|Any CPU
		Release|Any CPU = Release|Any CPU
	EndGlobalSection
	GlobalSection(ProjectConfigurationPlatforms) = postSolution
		{D8FF73D8-57A2-42E4-98C3-76C129BBB8F0}.Debug|Any CPU.ActiveCfg = Debug|Any CPU
		{D8FF73D8-57A2-42E4-98C3-76C129BBB8F0}.Debug|Any CPU.Build.0 = Debug|Any CPU
		{D8FF73D8-57A2-42E4-98C3-76C129BBB8F0}.Release|Any CPU.ActiveCfg = Release|Any CPU
		{D8FF73D8-57A2-42E4-98C3-76C129BBB8F0}.Release|Any CPU.Build.0 = Release|Any CPU
		{601FB415-6066-47F7-9549-938AC0C40396}.Debug|Any CPU.ActiveCfg = Debug|Any CPU
		{601FB415-6066-47F7-9549-938AC0C40396}.Debug|Any CPU.Build.0 = Debug|Any CPU
		{601FB415-6066-47F7-9549-938AC0C40396}.Release|Any CPU.ActiveCfg = Release|Any CPU
		{601FB415-6066-47F7-9549-938AC0C40396}.Release|Any CPU.Build.0 = Release|Any CPU
	EndGlobalSection
	GlobalSection(SolutionProperties) = preSolution
		HideSolutionNode = FALSE
	EndGlobalSection
	GlobalSection(ExtensibilityGlobals) = postSolution
		SolutionGuid = {CF33C8D9-5FEE-49DE-8FC1-2FAB87B37F89}
	EndGlobalSection
EndGlobal
